
Microsoft Visual Studio Solution File, Format Version 12.00
# Visual Studio Version 18
VisualStudioVersion = 18.3.11415.281
MinimumVisualStudioVersion = 10.0.40219.1
Project("{2150E333-8FDC-42A3-9474-1A3956D46DE8}") = "src", "src", "{DD42A3FF-125E-4384-A0E0-A4CF6167785F}"
EndProject
Project("{2150E333-8FDC-42A3-9474-1A3956D46DE8}") = "sample", "sample", "{749A6375-D541-4B78-BC21-B50412EDCE97}"
EndProject
Project("{FAE04EC0-301F-11D3-BF4B-00C04F79EFBC}") = "PlaywrightAutomation.API", "..\sample\PlaywrightAutomation.API\PlaywrightAutomation.API.csproj", "{0B25F934-430E-EAC0-16D3-B2F5E84E1426}"
EndProject
Project("{FAE04EC0-301F-11D3-BF4B-00C04F79EFBC}") = "PlaywrightAutomation.MAUI", "..\sample\PlaywrightAutomation.MAUI\PlaywrightAutomation.MAUI.csproj", "{AE3AED1F-4E79-82A7-49F5-95E64866C958}"
EndProject
Project("{FAE04EC0-301F-11D3-BF4B-00C04F79EFBC}") = "PlaywrightAutomation.AppHost", "PlaywrightAutomation.AppHost\PlaywrightAutomation.AppHost.csproj", "{14B20847-9F26-464B-8009-EE83DD68752A}"
EndProject
Project("{FAE04EC0-301F-11D3-BF4B-00C04F79EFBC}") = "PlaywrightAutomation.ServiceDefaults", "PlaywrightAutomation.ServiceDefaults\PlaywrightAutomation.ServiceDefaults.csproj", "{9BCC2D8D-A3DD-4BF0-250A-200FB09420AB}"
EndProject
Project("{FAE04EC0-301F-11D3-BF4B-00C04F79EFBC}") = "PlaywrightAutomation", "..\src\PlaywrightAutomation\PlaywrightAutomation.csproj", "{68D7B672-E95B-63AA-BF82-22C789AF5F57}"
EndProject
Project("{2150E333-8FDC-42A3-9474-1A3956D46DE8}") = "solution", "solution", "{DD8FC40A-0B7E-4C11-8ACF-C79DED0CEDF1}"
EndProject
Global
	GlobalSection(SolutionConfigurationPlatforms) = preSolution
		Debug|Any CPU = Debug|Any CPU
		Release|Any CPU = Release|Any CPU
	EndGlobalSection
	GlobalSection(ProjectConfigurationPlatforms) = postSolution
		{0B25F934-430E-EAC0-16D3-B2F5E84E1426}.Debug|Any CPU.ActiveCfg = Debug|Any CPU
		{0B25F934-430E-EAC0-16D3-B2F5E84E1426}.Debug|Any CPU.Build.0 = Debug|Any CPU
		{0B25F934-430E-EAC0-16D3-B2F5E84E1426}.Release|Any CPU.ActiveCfg = Release|Any CPU
		{0B25F934-430E-EAC0-16D3-B2F5E84E1426}.Release|Any CPU.Build.0 = Release|Any CPU
		{AE3AED1F-4E79-82A7-49F5-95E64866C958}.Debug|Any CPU.ActiveCfg = Debug|Any CPU
		{AE3AED1F-4E79-82A7-49F5-95E64866C958}.Debug|Any CPU.Build.0 = Debug|Any CPU
		{AE3AED1F-4E79-82A7-49F5-95E64866C958}.Debug|Any CPU.Deploy.0 = Debug|Any CPU
		{AE3AED1F-4E79-82A7-49F5-95E64866C958}.Release|Any CPU.ActiveCfg = Release|Any CPU
		{AE3AED1F-4E79-82A7-49F5-95E64866C958}.Release|Any CPU.Build.0 = Release|Any CPU
		{14B20847-9F26-464B-8009-EE83DD68752A}.Debug|Any CPU.ActiveCfg = Debug|Any CPU
		{14B20847-9F26-464B-8009-EE83DD68752A}.Debug|Any CPU.Build.0 = Debug|Any CPU
		{14B20847-9F26-464B-8009-EE83DD68752A}.Release|Any CPU.ActiveCfg = Release|Any CPU
		{14B20847-9F26-464B-8009-EE83DD68752A}.Release|Any CPU.Build.0 = Release|Any CPU
		{9BCC2D8D-A3DD-4BF0-250A-200FB09420AB}.Debug|Any CPU.ActiveCfg = Debug|Any CPU
		{9BCC2D8D-A3DD-4BF0-250A-200FB09420AB}.Debug|Any CPU.Build.0 = Debug|Any CPU
		{9BCC2D8D-A3DD-4BF0-250A-200FB09420AB}.Release|Any CPU.ActiveCfg = Release|Any CPU
		{9BCC2D8D-A3DD-4BF0-250A-200FB09420AB}.Release|Any CPU.Build.0 = Release|Any CPU
		{68D7B672-E95B-63AA-BF82-22C789AF5F57}.Debug|Any CPU.ActiveCfg = Debug|Any CPU
		{68D7B672-E95B-63AA-BF82-22C789AF5F57}.Debug|Any CPU.Build.0 = Debug|Any CPU
		{68D7B672-E95B-63AA-BF82-22C789AF5F57}.Release|Any CPU.ActiveCfg = Release|Any CPU
		{68D7B672-E95B-63AA-BF82-22C789AF5F57}.Release|Any CPU.Build.0 = Release|Any CPU
	EndGlobalSection
	GlobalSection(SolutionProperties) = preSolution
		HideSolutionNode = FALSE
	EndGlobalSection
	GlobalSection(NestedProjects) = preSolution
		{0B25F934-430E-EAC0-16D3-B2F5E84E1426} = {749A6375-D541-4B78-BC21-B50412EDCE97}
		{AE3AED1F-4E79-82A7-49F5-95E64866C958} = {749A6375-D541-4B78-BC21-B50412EDCE97}
		{14B20847-9F26-464B-8009-EE83DD68752A} = {DD8FC40A-0B7E-4C11-8ACF-C79DED0CEDF1}
		{9BCC2D8D-A3DD-4BF0-250A-200FB09420AB} = {DD8FC40A-0B7E-4C11-8ACF-C79DED0CEDF1}
		{68D7B672-E95B-63AA-BF82-22C789AF5F57} = {DD42A3FF-125E-4384-A0E0-A4CF6167785F}
	EndGlobalSection
	GlobalSection(ExtensibilityGlobals) = postSolution
		SolutionGuid = {315DE013-2B94-4B96-9918-3809D98EE30A}
	EndGlobalSection
EndGlobal
